
Microsoft Visual Studio Solution File, Format Version 12.00
# Visual Studio Version 16
VisualStudioVersion = 16.0.29911.84
MinimumVisualStudioVersion = 10.0.40219.1
Project("{8BC9CEB8-8B4A-11D0-8D11-00A0C91BC942}") = "expcodetwo", "expcodetwo\expcodetwo.vcxproj", "{FC4FD442-304B-419D-93DB-18EBCB76DEBE}"
EndProject
Global
	GlobalSection(SolutionConfigurationPlatforms) = preSolution
		Debug|x64 = Debug|x64
		Debug|x86 = Debug|x86
		Release|x64 = Release|x64
		Release|x86 = Release|x86
	EndGlobalSection
	GlobalSection(ProjectConfigurationPlatforms) = postSolution
		{FC4FD442-304B-419D-93DB-18EBCB76DEBE}.Debug|x64.ActiveCfg = Debug|x64
		{FC4FD442-304B-419D-93DB-18EBCB76DEBE}.Debug|x64.Build.0 = Debug|x64
		{FC4FD442-304B-419D-93DB-18EBCB76DEBE}.Debug|x86.ActiveCfg = Debug|Win32
		{FC4FD442-304B-419D-93DB-18EBCB76DEBE}.Debug|x86.Build.0 = Debug|Win32
		{FC4FD442-304B-419D-93DB-18EBCB76DEBE}.Release|x64.ActiveCfg = Release|x64
		{FC4FD442-304B-419D-93DB-18EBCB76DEBE}.Release|x64.Build.0 = Release|x64
		{FC4FD442-304B-419D-93DB-18EBCB76DEBE}.Release|x86.ActiveCfg = Release|Win32
		{FC4FD442-304B-419D-93DB-18EBCB76DEBE}.Release|x86.Build.0 = Release|Win32
	EndGlobalSection
	GlobalSection(SolutionProperties) = preSolution
		HideSolutionNode = FALSE
	EndGlobalSection
	GlobalSection(ExtensibilityGlobals) = postSolution
		SolutionGuid = {83DBBCFD-C04A-49CB-90E7-68A924145BEB}
	EndGlobalSection
EndGlobal
